{
  "meteor": {
    "git": "https://github.com/meteor/meteor.git",
    "branch": "master",
    "commit": "cbde5bd4875524f3ade7f3baef417a43ec1b9474"
  },
  "dependencies": {
    "basePackages": {
      "iron-router": {},
<<<<<<< HEAD
<<<<<<< HEAD
      "spin": {}
=======
      "spin": {},
      "accounts-ui-bootstrap-dropdown": {}
>>>>>>> 1dafbd3ef44eb7904d5154574929de0fae9ed2e4
=======
      "spin": {},
      "accounts-ui-bootstrap-dropdown": {}
>>>>>>> 1dafbd3ef44eb7904d5154574929de0fae9ed2e4
    },
    "packages": {
      "iron-router": {
        "git": "https://github.com/EventedMind/iron-router.git",
        "tag": "v0.6.1",
        "commit": "4e1ee0581d68bff422a915dacb0bd30eae10fe08"
      },
      "spin": {
        "git": "https://github.com/SachaG/meteor-spin.git",
        "tag": "v0.2.0",
        "commit": "fd3a2871a69442848b4b4e74f5e1ae28fa4a95a4"
<<<<<<< HEAD
<<<<<<< HEAD
=======
=======
>>>>>>> 1dafbd3ef44eb7904d5154574929de0fae9ed2e4
      },
      "accounts-ui-bootstrap-dropdown": {
        "git": "https://github.com/erobit/meteor-accounts-ui-bootstrap-dropdown.git",
        "tag": "v0.6.5.1",
        "commit": "c8b29d2e7f8611d6dec9d6d23c1c2b94e000b0fb"
<<<<<<< HEAD
>>>>>>> 1dafbd3ef44eb7904d5154574929de0fae9ed2e4
=======
>>>>>>> 1dafbd3ef44eb7904d5154574929de0fae9ed2e4
      }
    }
  }
}
